
Microsoft Visual Studio Solution File, Format Version 12.00
# Visual Studio Version 16
VisualStudioVersion = 16.0.30804.86
MinimumVisualStudioVersion = 10.0.40219.1
Project("{FAE04EC0-301F-11D3-BF4B-00C04F79EFBC}") = "TaskManagementAPI", "TaskManagementAPI\TaskManagementAPI.csproj", "{393097DB-1329-4FC7-9AE8-0E61ED51DBCC}"
EndProject
Global
	GlobalSection(SolutionConfigurationPlatforms) = preSolution
		Debug|Any CPU = Debug|Any CPU
		Release|Any CPU = Release|Any CPU
	EndGlobalSection
	GlobalSection(ProjectConfigurationPlatforms) = postSolution
		{393097DB-1329-4FC7-9AE8-0E61ED51DBCC}.Debug|Any CPU.ActiveCfg = Debug|Any CPU
		{393097DB-1329-4FC7-9AE8-0E61ED51DBCC}.Debug|Any CPU.Build.0 = Debug|Any CPU
		{393097DB-1329-4FC7-9AE8-0E61ED51DBCC}.Release|Any CPU.ActiveCfg = Release|Any CPU
		{393097DB-1329-4FC7-9AE8-0E61ED51DBCC}.Release|Any CPU.Build.0 = Release|Any CPU
	EndGlobalSection
	GlobalSection(SolutionProperties) = preSolution
		HideSolutionNode = FALSE
	EndGlobalSection
	GlobalSection(ExtensibilityGlobals) = postSolution
		SolutionGuid = {A9D54580-1EA5-404D-A8CA-775085EAA929}
	EndGlobalSection
EndGlobal
